
Microsoft Visual Studio Solution File, Format Version 11.00
# Visual Studio 2010
Project("{FAE04EC0-301F-11D3-BF4B-00C04F79EFBC}") = "Assembly-CSharp-firstpass", "Assembly-CSharp-firstpass.csproj", "{3a43b79e-3fc8-00a8-5e92-858c24398f7f}"
EndProject
Project("{FAE04EC0-301F-11D3-BF4B-00C04F79EFBC}") = "Assembly-CSharp", "Assembly-CSharp.csproj", "{6ecadd28-6884-8d3d-3f88-29eee480ba82}"
EndProject
Project("{FAE04EC0-301F-11D3-BF4B-00C04F79EFBC}") = "Assembly-CSharp-Editor-firstpass", "Assembly-CSharp-Editor-firstpass.csproj", "{ae015178-aa98-ce92-870d-ea32ea806967}"
EndProject
Global
	GlobalSection(SolutionConfigurationPlatforms) = preSolution
		Debug|Any CPU = Debug|Any CPU
	EndGlobalSection
	GlobalSection(ProjectConfigurationPlatforms) = postSolution
		{3a43b79e-3fc8-00a8-5e92-858c24398f7f}.Debug|Any CPU.ActiveCfg = Debug|Any CPU
		{3a43b79e-3fc8-00a8-5e92-858c24398f7f}.Debug|Any CPU.Build.0 = Debug|Any CPU
		{6ecadd28-6884-8d3d-3f88-29eee480ba82}.Debug|Any CPU.ActiveCfg = Debug|Any CPU
		{6ecadd28-6884-8d3d-3f88-29eee480ba82}.Debug|Any CPU.Build.0 = Debug|Any CPU
		{ae015178-aa98-ce92-870d-ea32ea806967}.Debug|Any CPU.ActiveCfg = Debug|Any CPU
		{ae015178-aa98-ce92-870d-ea32ea806967}.Debug|Any CPU.Build.0 = Debug|Any CPU
	EndGlobalSection
	GlobalSection(SolutionProperties) = preSolution
		HideSolutionNode = FALSE
	EndGlobalSection
EndGlobal
